
Microsoft Visual Studio Solution File, Format Version 12.00
# Visual Studio 15
VisualStudioVersion = 15.0.26124.0
MinimumVisualStudioVersion = 15.0.26124.0
Project("{2150E333-8FDC-42A3-9474-1A3956D46DE8}") = "kubernetes", "kubernetes", "{037DCD35-F4C0-4E48-B365-8D71713270C0}"
EndProject
Project("{FAE04EC0-301F-11D3-BF4B-00C04F79EFBC}") = "Mcma.Modules.JobProcessor.Kubernetes.ApiHandler", "kubernetes\src\Mcma.Modules.JobProcessor.Kubernetes.ApiHandler\Mcma.Modules.JobProcessor.Kubernetes.ApiHandler.csproj", "{6BCC543F-50F3-4D2B-B654-0B9558EA96CC}"
EndProject
Project("{FAE04EC0-301F-11D3-BF4B-00C04F79EFBC}") = "Mcma.Modules.JobProcessor.Kubernetes.Common", "kubernetes\src\Mcma.Modules.JobProcessor.Kubernetes.Common\Mcma.Modules.JobProcessor.Kubernetes.Common.csproj", "{338C3201-0566-4E4F-8FA4-D766ECECCCD1}"
EndProject
Project("{FAE04EC0-301F-11D3-BF4B-00C04F79EFBC}") = "Mcma.Modules.JobProcessor.Kubernetes.Worker", "kubernetes\src\Mcma.Modules.JobProcessor.Kubernetes.Worker\Mcma.Modules.JobProcessor.Kubernetes.Worker.csproj", "{58D39DCF-5F4C-4792-8B57-AF91C9C90A62}"
EndProject
Project("{FAE04EC0-301F-11D3-BF4B-00C04F79EFBC}") = "Mcma.Modules.JobProcessor.Kubernetes.PeriodicJobChecker", "kubernetes\src\Mcma.Modules.JobProcessor.Kubernetes.PeriodicJobChecker\Mcma.Modules.JobProcessor.Kubernetes.PeriodicJobChecker.csproj", "{4233F8AF-5FA2-4B21-BB7C-EA3B34D2DB0C}"
EndProject
Project("{FAE04EC0-301F-11D3-BF4B-00C04F79EFBC}") = "Mcma.Modules.JobProcessor.Kubernetes.CronJobs", "kubernetes\src\Mcma.Modules.JobProcessor.Kubernetes.CronJobs\Mcma.Modules.JobProcessor.Kubernetes.CronJobs.csproj", "{FAE0C3D4-61AD-4A51-981E-56D720678530}"
EndProject
Project("{FAE04EC0-301F-11D3-BF4B-00C04F79EFBC}") = "Mcma.Modules.JobProcessor.Kubernetes.PeriodicJobCleanup", "kubernetes\src\Mcma.Modules.JobProcessor.Kubernetes.PeriodicJobCleanup\Mcma.Modules.JobProcessor.Kubernetes.PeriodicJobCleanup.csproj", "{039123D1-06BE-4B5E-9509-E53583890A51}"
EndProject
Project("{2150E333-8FDC-42A3-9474-1A3956D46DE8}") = "aws", "aws", "{C064FC95-AF0C-4BA6-9E0C-D122713D4C62}"
EndProject
Project("{FAE04EC0-301F-11D3-BF4B-00C04F79EFBC}") = "Mcma.Modules.JobProcessor.Aws.ApiHandler", "aws\src\Mcma.Modules.JobProcessor.Aws.ApiHandler\Mcma.Modules.JobProcessor.Aws.ApiHandler.csproj", "{A48809D5-7E6F-4227-BAEF-AEFA82AD729A}"
EndProject
Project("{FAE04EC0-301F-11D3-BF4B-00C04F79EFBC}") = "Mcma.Modules.JobProcessor.Aws.Worker", "aws\src\Mcma.Modules.JobProcessor.Aws.Worker\Mcma.Modules.JobProcessor.Aws.Worker.csproj", "{CDD5136F-676C-412F-AE45-C0DDFDB244C1}"
EndProject
Project("{FAE04EC0-301F-11D3-BF4B-00C04F79EFBC}") = "Mcma.Modules.JobProcessor.Aws.Common", "aws\src\Mcma.Modules.JobProcessor.Aws.Common\Mcma.Modules.JobProcessor.Aws.Common.csproj", "{D07BC749-C275-439C-9EFF-E91ACDF74A31}"
EndProject
Project("{FAE04EC0-301F-11D3-BF4B-00C04F79EFBC}") = "Mcma.Modules.JobProcessor.Aws.PeriodicJobChecker", "aws\src\Mcma.Modules.JobProcessor.Aws.PeriodicJobChecker\Mcma.Modules.JobProcessor.Aws.PeriodicJobChecker.csproj", "{6BC20AA1-0A3F-4F8F-9AA0-C806C23929AC}"
EndProject
Project("{FAE04EC0-301F-11D3-BF4B-00C04F79EFBC}") = "Mcma.Modules.JobProcessor.Aws.PeriodicJobCleanup", "aws\src\Mcma.Modules.JobProcessor.Aws.PeriodicJobCleanup\Mcma.Modules.JobProcessor.Aws.PeriodicJobCleanup.csproj", "{6AC4636D-C9ED-4148-B6B1-1EF02016A52A}"
EndProject
Project("{2150E333-8FDC-42A3-9474-1A3956D46DE8}") = "azure", "azure", "{7EEA2CDF-2B4F-4820-87B2-F1C34CB62A7F}"
EndProject
Project("{FAE04EC0-301F-11D3-BF4B-00C04F79EFBC}") = "Mcma.Modules.JobProcessor.Azure.ApiHandler", "azure\src\Mcma.Modules.JobProcessor.Azure.ApiHandler\Mcma.Modules.JobProcessor.Azure.ApiHandler.csproj", "{8E675198-8644-4F5B-AC3B-C9C22BB1D5C5}"
EndProject
Project("{FAE04EC0-301F-11D3-BF4B-00C04F79EFBC}") = "Mcma.Modules.JobProcessor.Azure.Worker", "azure\src\Mcma.Modules.JobProcessor.Azure.Worker\Mcma.Modules.JobProcessor.Azure.Worker.csproj", "{ECE821E8-6A8A-4E26-9BE8-675B71042B82}"
EndProject
Project("{FAE04EC0-301F-11D3-BF4B-00C04F79EFBC}") = "Mcma.Modules.JobProcessor.Azure.Common", "azure\src\Mcma.Modules.JobProcessor.Azure.Common\Mcma.Modules.JobProcessor.Azure.Common.csproj", "{6D2FA185-D144-48E5-BC07-11F029661B17}"
EndProject
Project("{FAE04EC0-301F-11D3-BF4B-00C04F79EFBC}") = "Mcma.Modules.JobProcessor.Azure.PeriodicJobChecker", "azure\src\Mcma.Modules.JobProcessor.Azure.PeriodicJobChecker\Mcma.Modules.JobProcessor.Azure.PeriodicJobChecker.csproj", "{D9A93325-BCCF-4E56-B15A-D20ACB2AE35D}"
EndProject
Project("{FAE04EC0-301F-11D3-BF4B-00C04F79EFBC}") = "Mcma.Modules.JobProcessor.Azure.PeriodicJobCleanup", "azure\src\Mcma.Modules.JobProcessor.Azure.PeriodicJobCleanup\Mcma.Modules.JobProcessor.Azure.PeriodicJobCleanup.csproj", "{484C5F27-9EFA-453F-9C55-1A0F147436E0}"
EndProject
Project("{2150E333-8FDC-42A3-9474-1A3956D46DE8}") = "common", "common", "{EEB250AF-D4C5-48BA-BEE7-BA5989D2B360}"
EndProject
Project("{FAE04EC0-301F-11D3-BF4B-00C04F79EFBC}") = "Mcma.Modules.JobProcessor.Common", "common\Mcma.Modules.JobProcessor.Common\Mcma.Modules.JobProcessor.Common.csproj", "{A45EA5B8-3675-46F2-BDB7-5F0B65989B51}"
EndProject
Project("{FAE04EC0-301F-11D3-BF4B-00C04F79EFBC}") = "Mcma.Modules.JobProcessor.ApiHandler", "common\Mcma.Modules.JobProcessor.ApiHandler\Mcma.Modules.JobProcessor.ApiHandler.csproj", "{384DA547-B59F-4CFE-A3B4-3F5CC68F9685}"
EndProject
Project("{FAE04EC0-301F-11D3-BF4B-00C04F79EFBC}") = "Mcma.Modules.JobProcessor.PeriodicJobChecker", "common\Mcma.Modules.JobProcessor.PeriodicJobChecker\Mcma.Modules.JobProcessor.PeriodicJobChecker.csproj", "{98613F99-293E-4E54-91D8-DECC36F5EE52}"
EndProject
Project("{FAE04EC0-301F-11D3-BF4B-00C04F79EFBC}") = "Mcma.Modules.JobProcessor.PeriodicJobCleanup", "common\Mcma.Modules.JobProcessor.PeriodicJobCleanup\Mcma.Modules.JobProcessor.PeriodicJobCleanup.csproj", "{24E4C5E0-F320-44D4-A809-4D6C14055F9C}"
EndProject
Project("{FAE04EC0-301F-11D3-BF4B-00C04F79EFBC}") = "Mcma.Modules.JobProcessor.Worker", "common\Mcma.Modules.JobProcessor.Worker\Mcma.Modules.JobProcessor.Worker.csproj", "{89A30DF3-6524-472E-9E97-1C42CDDC1B4C}"
EndProject
Global
	GlobalSection(SolutionConfigurationPlatforms) = preSolution
		Debug|Any CPU = Debug|Any CPU
		Debug|x64 = Debug|x64
		Debug|x86 = Debug|x86
		Release|Any CPU = Release|Any CPU
		Release|x64 = Release|x64
		Release|x86 = Release|x86
	EndGlobalSection
	GlobalSection(SolutionProperties) = preSolution
		HideSolutionNode = FALSE
	EndGlobalSection
	GlobalSection(ProjectConfigurationPlatforms) = postSolution
		{6BCC543F-50F3-4D2B-B654-0B9558EA96CC}.Debug|Any CPU.ActiveCfg = Debug|Any CPU
		{6BCC543F-50F3-4D2B-B654-0B9558EA96CC}.Debug|Any CPU.Build.0 = Debug|Any CPU
		{6BCC543F-50F3-4D2B-B654-0B9558EA96CC}.Debug|x64.ActiveCfg = Debug|Any CPU
		{6BCC543F-50F3-4D2B-B654-0B9558EA96CC}.Debug|x64.Build.0 = Debug|Any CPU
		{6BCC543F-50F3-4D2B-B654-0B9558EA96CC}.Debug|x86.ActiveCfg = Debug|Any CPU
		{6BCC543F-50F3-4D2B-B654-0B9558EA96CC}.Debug|x86.Build.0 = Debug|Any CPU
		{6BCC543F-50F3-4D2B-B654-0B9558EA96CC}.Release|Any CPU.ActiveCfg = Release|Any CPU
		{6BCC543F-50F3-4D2B-B654-0B9558EA96CC}.Release|Any CPU.Build.0 = Release|Any CPU
		{6BCC543F-50F3-4D2B-B654-0B9558EA96CC}.Release|x64.ActiveCfg = Release|Any CPU
		{6BCC543F-50F3-4D2B-B654-0B9558EA96CC}.Release|x64.Build.0 = Release|Any CPU
		{6BCC543F-50F3-4D2B-B654-0B9558EA96CC}.Release|x86.ActiveCfg = Release|Any CPU
		{6BCC543F-50F3-4D2B-B654-0B9558EA96CC}.Release|x86.Build.0 = Release|Any CPU
		{58D39DCF-5F4C-4792-8B57-AF91C9C90A62}.Debug|Any CPU.ActiveCfg = Debug|Any CPU
		{58D39DCF-5F4C-4792-8B57-AF91C9C90A62}.Debug|Any CPU.Build.0 = Debug|Any CPU
		{58D39DCF-5F4C-4792-8B57-AF91C9C90A62}.Debug|x64.ActiveCfg = Debug|Any CPU
		{58D39DCF-5F4C-4792-8B57-AF91C9C90A62}.Debug|x64.Build.0 = Debug|Any CPU
		{58D39DCF-5F4C-4792-8B57-AF91C9C90A62}.Debug|x86.ActiveCfg = Debug|Any CPU
		{58D39DCF-5F4C-4792-8B57-AF91C9C90A62}.Debug|x86.Build.0 = Debug|Any CPU
		{58D39DCF-5F4C-4792-8B57-AF91C9C90A62}.Release|Any CPU.ActiveCfg = Release|Any CPU
		{58D39DCF-5F4C-4792-8B57-AF91C9C90A62}.Release|Any CPU.Build.0 = Release|Any CPU
		{58D39DCF-5F4C-4792-8B57-AF91C9C90A62}.Release|x64.ActiveCfg = Release|Any CPU
		{58D39DCF-5F4C-4792-8B57-AF91C9C90A62}.Release|x64.Build.0 = Release|Any CPU
		{58D39DCF-5F4C-4792-8B57-AF91C9C90A62}.Release|x86.ActiveCfg = Release|Any CPU
		{58D39DCF-5F4C-4792-8B57-AF91C9C90A62}.Release|x86.Build.0 = Release|Any CPU
		{A48809D5-7E6F-4227-BAEF-AEFA82AD729A}.Debug|Any CPU.ActiveCfg = Debug|Any CPU
		{A48809D5-7E6F-4227-BAEF-AEFA82AD729A}.Debug|Any CPU.Build.0 = Debug|Any CPU
		{A48809D5-7E6F-4227-BAEF-AEFA82AD729A}.Debug|x64.ActiveCfg = Debug|Any CPU
		{A48809D5-7E6F-4227-BAEF-AEFA82AD729A}.Debug|x64.Build.0 = Debug|Any CPU
		{A48809D5-7E6F-4227-BAEF-AEFA82AD729A}.Debug|x86.ActiveCfg = Debug|Any CPU
		{A48809D5-7E6F-4227-BAEF-AEFA82AD729A}.Debug|x86.Build.0 = Debug|Any CPU
		{A48809D5-7E6F-4227-BAEF-AEFA82AD729A}.Release|Any CPU.ActiveCfg = Release|Any CPU
		{A48809D5-7E6F-4227-BAEF-AEFA82AD729A}.Release|Any CPU.Build.0 = Release|Any CPU
		{A48809D5-7E6F-4227-BAEF-AEFA82AD729A}.Release|x64.ActiveCfg = Release|Any CPU
		{A48809D5-7E6F-4227-BAEF-AEFA82AD729A}.Release|x64.Build.0 = Release|Any CPU
		{A48809D5-7E6F-4227-BAEF-AEFA82AD729A}.Release|x86.ActiveCfg = Release|Any CPU
		{A48809D5-7E6F-4227-BAEF-AEFA82AD729A}.Release|x86.Build.0 = Release|Any CPU
		{CDD5136F-676C-412F-AE45-C0DDFDB244C1}.Debug|Any CPU.ActiveCfg = Debug|Any CPU
		{CDD5136F-676C-412F-AE45-C0DDFDB244C1}.Debug|Any CPU.Build.0 = Debug|Any CPU
		{CDD5136F-676C-412F-AE45-C0DDFDB244C1}.Debug|x64.ActiveCfg = Debug|Any CPU
		{CDD5136F-676C-412F-AE45-C0DDFDB244C1}.Debug|x64.Build.0 = Debug|Any CPU
		{CDD5136F-676C-412F-AE45-C0DDFDB244C1}.Debug|x86.ActiveCfg = Debug|Any CPU
		{CDD5136F-676C-412F-AE45-C0DDFDB244C1}.Debug|x86.Build.0 = Debug|Any CPU
		{CDD5136F-676C-412F-AE45-C0DDFDB244C1}.Release|Any CPU.ActiveCfg = Release|Any CPU
		{CDD5136F-676C-412F-AE45-C0DDFDB244C1}.Release|Any CPU.Build.0 = Release|Any CPU
		{CDD5136F-676C-412F-AE45-C0DDFDB244C1}.Release|x64.ActiveCfg = Release|Any CPU
		{CDD5136F-676C-412F-AE45-C0DDFDB244C1}.Release|x64.Build.0 = Release|Any CPU
		{CDD5136F-676C-412F-AE45-C0DDFDB244C1}.Release|x86.ActiveCfg = Release|Any CPU
		{CDD5136F-676C-412F-AE45-C0DDFDB244C1}.Release|x86.Build.0 = Release|Any CPU
		{D07BC749-C275-439C-9EFF-E91ACDF74A31}.Debug|Any CPU.ActiveCfg = Debug|Any CPU
		{D07BC749-C275-439C-9EFF-E91ACDF74A31}.Debug|Any CPU.Build.0 = Debug|Any CPU
		{D07BC749-C275-439C-9EFF-E91ACDF74A31}.Debug|x64.ActiveCfg = Debug|Any CPU
		{D07BC749-C275-439C-9EFF-E91ACDF74A31}.Debug|x64.Build.0 = Debug|Any CPU
		{D07BC749-C275-439C-9EFF-E91ACDF74A31}.Debug|x86.ActiveCfg = Debug|Any CPU
		{D07BC749-C275-439C-9EFF-E91ACDF74A31}.Debug|x86.Build.0 = Debug|Any CPU
		{D07BC749-C275-439C-9EFF-E91ACDF74A31}.Release|Any CPU.ActiveCfg = Release|Any CPU
		{D07BC749-C275-439C-9EFF-E91ACDF74A31}.Release|Any CPU.Build.0 = Release|Any CPU
		{D07BC749-C275-439C-9EFF-E91ACDF74A31}.Release|x64.ActiveCfg = Release|Any CPU
		{D07BC749-C275-439C-9EFF-E91ACDF74A31}.Release|x64.Build.0 = Release|Any CPU
		{D07BC749-C275-439C-9EFF-E91ACDF74A31}.Release|x86.ActiveCfg = Release|Any CPU
		{D07BC749-C275-439C-9EFF-E91ACDF74A31}.Release|x86.Build.0 = Release|Any CPU
		{6BC20AA1-0A3F-4F8F-9AA0-C806C23929AC}.Debug|Any CPU.ActiveCfg = Debug|Any CPU
		{6BC20AA1-0A3F-4F8F-9AA0-C806C23929AC}.Debug|Any CPU.Build.0 = Debug|Any CPU
		{6BC20AA1-0A3F-4F8F-9AA0-C806C23929AC}.Debug|x64.ActiveCfg = Debug|Any CPU
		{6BC20AA1-0A3F-4F8F-9AA0-C806C23929AC}.Debug|x64.Build.0 = Debug|Any CPU
		{6BC20AA1-0A3F-4F8F-9AA0-C806C23929AC}.Debug|x86.ActiveCfg = Debug|Any CPU
		{6BC20AA1-0A3F-4F8F-9AA0-C806C23929AC}.Debug|x86.Build.0 = Debug|Any CPU
		{6BC20AA1-0A3F-4F8F-9AA0-C806C23929AC}.Release|Any CPU.ActiveCfg = Release|Any CPU
		{6BC20AA1-0A3F-4F8F-9AA0-C806C23929AC}.Release|Any CPU.Build.0 = Release|Any CPU
		{6BC20AA1-0A3F-4F8F-9AA0-C806C23929AC}.Release|x64.ActiveCfg = Release|Any CPU
		{6BC20AA1-0A3F-4F8F-9AA0-C806C23929AC}.Release|x64.Build.0 = Release|Any CPU
		{6BC20AA1-0A3F-4F8F-9AA0-C806C23929AC}.Release|x86.ActiveCfg = Release|Any CPU
		{6BC20AA1-0A3F-4F8F-9AA0-C806C23929AC}.Release|x86.Build.0 = Release|Any CPU
		{6AC4636D-C9ED-4148-B6B1-1EF02016A52A}.Debug|Any CPU.ActiveCfg = Debug|Any CPU
		{6AC4636D-C9ED-4148-B6B1-1EF02016A52A}.Debug|Any CPU.Build.0 = Debug|Any CPU
		{6AC4636D-C9ED-4148-B6B1-1EF02016A52A}.Debug|x64.ActiveCfg = Debug|Any CPU
		{6AC4636D-C9ED-4148-B6B1-1EF02016A52A}.Debug|x64.Build.0 = Debug|Any CPU
		{6AC4636D-C9ED-4148-B6B1-1EF02016A52A}.Debug|x86.ActiveCfg = Debug|Any CPU
		{6AC4636D-C9ED-4148-B6B1-1EF02016A52A}.Debug|x86.Build.0 = Debug|Any CPU
		{6AC4636D-C9ED-4148-B6B1-1EF02016A52A}.Release|Any CPU.ActiveCfg = Release|Any CPU
		{6AC4636D-C9ED-4148-B6B1-1EF02016A52A}.Release|Any CPU.Build.0 = Release|Any CPU
		{6AC4636D-C9ED-4148-B6B1-1EF02016A52A}.Release|x64.ActiveCfg = Release|Any CPU
		{6AC4636D-C9ED-4148-B6B1-1EF02016A52A}.Release|x64.Build.0 = Release|Any CPU
		{6AC4636D-C9ED-4148-B6B1-1EF02016A52A}.Release|x86.ActiveCfg = Release|Any CPU
		{6AC4636D-C9ED-4148-B6B1-1EF02016A52A}.Release|x86.Build.0 = Release|Any CPU
		{8E675198-8644-4F5B-AC3B-C9C22BB1D5C5}.Debug|Any CPU.ActiveCfg = Debug|Any CPU
		{8E675198-8644-4F5B-AC3B-C9C22BB1D5C5}.Debug|Any CPU.Build.0 = Debug|Any CPU
		{8E675198-8644-4F5B-AC3B-C9C22BB1D5C5}.Debug|x64.ActiveCfg = Debug|Any CPU
		{8E675198-8644-4F5B-AC3B-C9C22BB1D5C5}.Debug|x64.Build.0 = Debug|Any CPU
		{8E675198-8644-4F5B-AC3B-C9C22BB1D5C5}.Debug|x86.ActiveCfg = Debug|Any CPU
		{8E675198-8644-4F5B-AC3B-C9C22BB1D5C5}.Debug|x86.Build.0 = Debug|Any CPU
		{8E675198-8644-4F5B-AC3B-C9C22BB1D5C5}.Release|Any CPU.ActiveCfg = Release|Any CPU
		{8E675198-8644-4F5B-AC3B-C9C22BB1D5C5}.Release|Any CPU.Build.0 = Release|Any CPU
		{8E675198-8644-4F5B-AC3B-C9C22BB1D5C5}.Release|x64.ActiveCfg = Release|Any CPU
		{8E675198-8644-4F5B-AC3B-C9C22BB1D5C5}.Release|x64.Build.0 = Release|Any CPU
		{8E675198-8644-4F5B-AC3B-C9C22BB1D5C5}.Release|x86.ActiveCfg = Release|Any CPU
		{8E675198-8644-4F5B-AC3B-C9C22BB1D5C5}.Release|x86.Build.0 = Release|Any CPU
		{ECE821E8-6A8A-4E26-9BE8-675B71042B82}.Debug|Any CPU.ActiveCfg = Debug|Any CPU
		{ECE821E8-6A8A-4E26-9BE8-675B71042B82}.Debug|Any CPU.Build.0 = Debug|Any CPU
		{ECE821E8-6A8A-4E26-9BE8-675B71042B82}.Debug|x64.ActiveCfg = Debug|Any CPU
		{ECE821E8-6A8A-4E26-9BE8-675B71042B82}.Debug|x64.Build.0 = Debug|Any CPU
		{ECE821E8-6A8A-4E26-9BE8-675B71042B82}.Debug|x86.ActiveCfg = Debug|Any CPU
		{ECE821E8-6A8A-4E26-9BE8-675B71042B82}.Debug|x86.Build.0 = Debug|Any CPU
		{ECE821E8-6A8A-4E26-9BE8-675B71042B82}.Release|Any CPU.ActiveCfg = Release|Any CPU
		{ECE821E8-6A8A-4E26-9BE8-675B71042B82}.Release|Any CPU.Build.0 = Release|Any CPU
		{ECE821E8-6A8A-4E26-9BE8-675B71042B82}.Release|x64.ActiveCfg = Release|Any CPU
		{ECE821E8-6A8A-4E26-9BE8-675B71042B82}.Release|x64.Build.0 = Release|Any CPU
		{ECE821E8-6A8A-4E26-9BE8-675B71042B82}.Release|x86.ActiveCfg = Release|Any CPU
		{ECE821E8-6A8A-4E26-9BE8-675B71042B82}.Release|x86.Build.0 = Release|Any CPU
		{6D2FA185-D144-48E5-BC07-11F029661B17}.Debug|Any CPU.ActiveCfg = Debug|Any CPU
		{6D2FA185-D144-48E5-BC07-11F029661B17}.Debug|Any CPU.Build.0 = Debug|Any CPU
		{6D2FA185-D144-48E5-BC07-11F029661B17}.Debug|x64.ActiveCfg = Debug|Any CPU
		{6D2FA185-D144-48E5-BC07-11F029661B17}.Debug|x64.Build.0 = Debug|Any CPU
		{6D2FA185-D144-48E5-BC07-11F029661B17}.Debug|x86.ActiveCfg = Debug|Any CPU
		{6D2FA185-D144-48E5-BC07-11F029661B17}.Debug|x86.Build.0 = Debug|Any CPU
		{6D2FA185-D144-48E5-BC07-11F029661B17}.Release|Any CPU.ActiveCfg = Release|Any CPU
		{6D2FA185-D144-48E5-BC07-11F029661B17}.Release|Any CPU.Build.0 = Release|Any CPU
		{6D2FA185-D144-48E5-BC07-11F029661B17}.Release|x64.ActiveCfg = Release|Any CPU
		{6D2FA185-D144-48E5-BC07-11F029661B17}.Release|x64.Build.0 = Release|Any CPU
		{6D2FA185-D144-48E5-BC07-11F029661B17}.Release|x86.ActiveCfg = Release|Any CPU
		{6D2FA185-D144-48E5-BC07-11F029661B17}.Release|x86.Build.0 = Release|Any CPU
		{D9A93325-BCCF-4E56-B15A-D20ACB2AE35D}.Debug|Any CPU.ActiveCfg = Debug|Any CPU
		{D9A93325-BCCF-4E56-B15A-D20ACB2AE35D}.Debug|Any CPU.Build.0 = Debug|Any CPU
		{D9A93325-BCCF-4E56-B15A-D20ACB2AE35D}.Debug|x64.ActiveCfg = Debug|Any CPU
		{D9A93325-BCCF-4E56-B15A-D20ACB2AE35D}.Debug|x64.Build.0 = Debug|Any CPU
		{D9A93325-BCCF-4E56-B15A-D20ACB2AE35D}.Debug|x86.ActiveCfg = Debug|Any CPU
		{D9A93325-BCCF-4E56-B15A-D20ACB2AE35D}.Debug|x86.Build.0 = Debug|Any CPU
		{D9A93325-BCCF-4E56-B15A-D20ACB2AE35D}.Release|Any CPU.ActiveCfg = Release|Any CPU
		{D9A93325-BCCF-4E56-B15A-D20ACB2AE35D}.Release|Any CPU.Build.0 = Release|Any CPU
		{D9A93325-BCCF-4E56-B15A-D20ACB2AE35D}.Release|x64.ActiveCfg = Release|Any CPU
		{D9A93325-BCCF-4E56-B15A-D20ACB2AE35D}.Release|x64.Build.0 = Release|Any CPU
		{D9A93325-BCCF-4E56-B15A-D20ACB2AE35D}.Release|x86.ActiveCfg = Release|Any CPU
		{D9A93325-BCCF-4E56-B15A-D20ACB2AE35D}.Release|x86.Build.0 = Release|Any CPU
		{484C5F27-9EFA-453F-9C55-1A0F147436E0}.Debug|Any CPU.ActiveCfg = Debug|Any CPU
		{484C5F27-9EFA-453F-9C55-1A0F147436E0}.Debug|Any CPU.Build.0 = Debug|Any CPU
		{484C5F27-9EFA-453F-9C55-1A0F147436E0}.Debug|x64.ActiveCfg = Debug|Any CPU
		{484C5F27-9EFA-453F-9C55-1A0F147436E0}.Debug|x64.Build.0 = Debug|Any CPU
		{484C5F27-9EFA-453F-9C55-1A0F147436E0}.Debug|x86.ActiveCfg = Debug|Any CPU
		{484C5F27-9EFA-453F-9C55-1A0F147436E0}.Debug|x86.Build.0 = Debug|Any CPU
		{484C5F27-9EFA-453F-9C55-1A0F147436E0}.Release|Any CPU.ActiveCfg = Release|Any CPU
		{484C5F27-9EFA-453F-9C55-1A0F147436E0}.Release|Any CPU.Build.0 = Release|Any CPU
		{484C5F27-9EFA-453F-9C55-1A0F147436E0}.Release|x64.ActiveCfg = Release|Any CPU
		{484C5F27-9EFA-453F-9C55-1A0F147436E0}.Release|x64.Build.0 = Release|Any CPU
		{484C5F27-9EFA-453F-9C55-1A0F147436E0}.Release|x86.ActiveCfg = Release|Any CPU
		{484C5F27-9EFA-453F-9C55-1A0F147436E0}.Release|x86.Build.0 = Release|Any CPU
		{A45EA5B8-3675-46F2-BDB7-5F0B65989B51}.Debug|Any CPU.ActiveCfg = Debug|Any CPU
		{A45EA5B8-3675-46F2-BDB7-5F0B65989B51}.Debug|Any CPU.Build.0 = Debug|Any CPU
		{A45EA5B8-3675-46F2-BDB7-5F0B65989B51}.Debug|x64.ActiveCfg = Debug|Any CPU
		{A45EA5B8-3675-46F2-BDB7-5F0B65989B51}.Debug|x64.Build.0 = Debug|Any CPU
		{A45EA5B8-3675-46F2-BDB7-5F0B65989B51}.Debug|x86.ActiveCfg = Debug|Any CPU
		{A45EA5B8-3675-46F2-BDB7-5F0B65989B51}.Debug|x86.Build.0 = Debug|Any CPU
		{A45EA5B8-3675-46F2-BDB7-5F0B65989B51}.Release|Any CPU.ActiveCfg = Release|Any CPU
		{A45EA5B8-3675-46F2-BDB7-5F0B65989B51}.Release|Any CPU.Build.0 = Release|Any CPU
		{A45EA5B8-3675-46F2-BDB7-5F0B65989B51}.Release|x64.ActiveCfg = Release|Any CPU
		{A45EA5B8-3675-46F2-BDB7-5F0B65989B51}.Release|x64.Build.0 = Release|Any CPU
		{A45EA5B8-3675-46F2-BDB7-5F0B65989B51}.Release|x86.ActiveCfg = Release|Any CPU
		{A45EA5B8-3675-46F2-BDB7-5F0B65989B51}.Release|x86.Build.0 = Release|Any CPU
		{384DA547-B59F-4CFE-A3B4-3F5CC68F9685}.Debug|Any CPU.ActiveCfg = Debug|Any CPU
		{384DA547-B59F-4CFE-A3B4-3F5CC68F9685}.Debug|Any CPU.Build.0 = Debug|Any CPU
		{384DA547-B59F-4CFE-A3B4-3F5CC68F9685}.Debug|x64.ActiveCfg = Debug|Any CPU
		{384DA547-B59F-4CFE-A3B4-3F5CC68F9685}.Debug|x64.Build.0 = Debug|Any CPU
		{384DA547-B59F-4CFE-A3B4-3F5CC68F9685}.Debug|x86.ActiveCfg = Debug|Any CPU
		{384DA547-B59F-4CFE-A3B4-3F5CC68F9685}.Debug|x86.Build.0 = Debug|Any CPU
		{384DA547-B59F-4CFE-A3B4-3F5CC68F9685}.Release|Any CPU.ActiveCfg = Release|Any CPU
		{384DA547-B59F-4CFE-A3B4-3F5CC68F9685}.Release|Any CPU.Build.0 = Release|Any CPU
		{384DA547-B59F-4CFE-A3B4-3F5CC68F9685}.Release|x64.ActiveCfg = Release|Any CPU
		{384DA547-B59F-4CFE-A3B4-3F5CC68F9685}.Release|x64.Build.0 = Release|Any CPU
		{384DA547-B59F-4CFE-A3B4-3F5CC68F9685}.Release|x86.ActiveCfg = Release|Any CPU
		{384DA547-B59F-4CFE-A3B4-3F5CC68F9685}.Release|x86.Build.0 = Release|Any CPU
		{98613F99-293E-4E54-91D8-DECC36F5EE52}.Debug|Any CPU.ActiveCfg = Debug|Any CPU
		{98613F99-293E-4E54-91D8-DECC36F5EE52}.Debug|Any CPU.Build.0 = Debug|Any CPU
		{98613F99-293E-4E54-91D8-DECC36F5EE52}.Debug|x64.ActiveCfg = Debug|Any CPU
		{98613F99-293E-4E54-91D8-DECC36F5EE52}.Debug|x64.Build.0 = Debug|Any CPU
		{98613F99-293E-4E54-91D8-DECC36F5EE52}.Debug|x86.ActiveCfg = Debug|Any CPU
		{98613F99-293E-4E54-91D8-DECC36F5EE52}.Debug|x86.Build.0 = Debug|Any CPU
		{98613F99-293E-4E54-91D8-DECC36F5EE52}.Release|Any CPU.ActiveCfg = Release|Any CPU
		{98613F99-293E-4E54-91D8-DECC36F5EE52}.Release|Any CPU.Build.0 = Release|Any CPU
		{98613F99-293E-4E54-91D8-DECC36F5EE52}.Release|x64.ActiveCfg = Release|Any CPU
		{98613F99-293E-4E54-91D8-DECC36F5EE52}.Release|x64.Build.0 = Release|Any CPU
		{98613F99-293E-4E54-91D8-DECC36F5EE52}.Release|x86.ActiveCfg = Release|Any CPU
		{98613F99-293E-4E54-91D8-DECC36F5EE52}.Release|x86.Build.0 = Release|Any CPU
		{24E4C5E0-F320-44D4-A809-4D6C14055F9C}.Debug|Any CPU.ActiveCfg = Debug|Any CPU
		{24E4C5E0-F320-44D4-A809-4D6C14055F9C}.Debug|Any CPU.Build.0 = Debug|Any CPU
		{24E4C5E0-F320-44D4-A809-4D6C14055F9C}.Debug|x64.ActiveCfg = Debug|Any CPU
		{24E4C5E0-F320-44D4-A809-4D6C14055F9C}.Debug|x64.Build.0 = Debug|Any CPU
		{24E4C5E0-F320-44D4-A809-4D6C14055F9C}.Debug|x86.ActiveCfg = Debug|Any CPU
		{24E4C5E0-F320-44D4-A809-4D6C14055F9C}.Debug|x86.Build.0 = Debug|Any CPU
		{24E4C5E0-F320-44D4-A809-4D6C14055F9C}.Release|Any CPU.ActiveCfg = Release|Any CPU
		{24E4C5E0-F320-44D4-A809-4D6C14055F9C}.Release|Any CPU.Build.0 = Release|Any CPU
		{24E4C5E0-F320-44D4-A809-4D6C14055F9C}.Release|x64.ActiveCfg = Release|Any CPU
		{24E4C5E0-F320-44D4-A809-4D6C14055F9C}.Release|x64.Build.0 = Release|Any CPU
		{24E4C5E0-F320-44D4-A809-4D6C14055F9C}.Release|x86.ActiveCfg = Release|Any CPU
		{24E4C5E0-F320-44D4-A809-4D6C14055F9C}.Release|x86.Build.0 = Release|Any CPU
		{89A30DF3-6524-472E-9E97-1C42CDDC1B4C}.Debug|Any CPU.ActiveCfg = Debug|Any CPU
		{89A30DF3-6524-472E-9E97-1C42CDDC1B4C}.Debug|Any CPU.Build.0 = Debug|Any CPU
		{89A30DF3-6524-472E-9E97-1C42CDDC1B4C}.Debug|x64.ActiveCfg = Debug|Any CPU
		{89A30DF3-6524-472E-9E97-1C42CDDC1B4C}.Debug|x64.Build.0 = Debug|Any CPU
		{89A30DF3-6524-472E-9E97-1C42CDDC1B4C}.Debug|x86.ActiveCfg = Debug|Any CPU
		{89A30DF3-6524-472E-9E97-1C42CDDC1B4C}.Debug|x86.Build.0 = Debug|Any CPU
		{89A30DF3-6524-472E-9E97-1C42CDDC1B4C}.Release|Any CPU.ActiveCfg = Release|Any CPU
		{89A30DF3-6524-472E-9E97-1C42CDDC1B4C}.Release|Any CPU.Build.0 = Release|Any CPU
		{89A30DF3-6524-472E-9E97-1C42CDDC1B4C}.Release|x64.ActiveCfg = Release|Any CPU
		{89A30DF3-6524-472E-9E97-1C42CDDC1B4C}.Release|x64.Build.0 = Release|Any CPU
		{89A30DF3-6524-472E-9E97-1C42CDDC1B4C}.Release|x86.ActiveCfg = Release|Any CPU
		{89A30DF3-6524-472E-9E97-1C42CDDC1B4C}.Release|x86.Build.0 = Release|Any CPU
		{338C3201-0566-4E4F-8FA4-D766ECECCCD1}.Debug|Any CPU.ActiveCfg = Debug|Any CPU
		{338C3201-0566-4E4F-8FA4-D766ECECCCD1}.Debug|Any CPU.Build.0 = Debug|Any CPU
		{338C3201-0566-4E4F-8FA4-D766ECECCCD1}.Debug|x64.ActiveCfg = Debug|Any CPU
		{338C3201-0566-4E4F-8FA4-D766ECECCCD1}.Debug|x64.Build.0 = Debug|Any CPU
		{338C3201-0566-4E4F-8FA4-D766ECECCCD1}.Debug|x86.ActiveCfg = Debug|Any CPU
		{338C3201-0566-4E4F-8FA4-D766ECECCCD1}.Debug|x86.Build.0 = Debug|Any CPU
		{338C3201-0566-4E4F-8FA4-D766ECECCCD1}.Release|Any CPU.ActiveCfg = Release|Any CPU
		{338C3201-0566-4E4F-8FA4-D766ECECCCD1}.Release|Any CPU.Build.0 = Release|Any CPU
		{338C3201-0566-4E4F-8FA4-D766ECECCCD1}.Release|x64.ActiveCfg = Release|Any CPU
		{338C3201-0566-4E4F-8FA4-D766ECECCCD1}.Release|x64.Build.0 = Release|Any CPU
		{338C3201-0566-4E4F-8FA4-D766ECECCCD1}.Release|x86.ActiveCfg = Release|Any CPU
		{338C3201-0566-4E4F-8FA4-D766ECECCCD1}.Release|x86.Build.0 = Release|Any CPU
		{4233F8AF-5FA2-4B21-BB7C-EA3B34D2DB0C}.Debug|Any CPU.ActiveCfg = Debug|Any CPU
		{4233F8AF-5FA2-4B21-BB7C-EA3B34D2DB0C}.Debug|Any CPU.Build.0 = Debug|Any CPU
		{4233F8AF-5FA2-4B21-BB7C-EA3B34D2DB0C}.Debug|x64.ActiveCfg = Debug|Any CPU
		{4233F8AF-5FA2-4B21-BB7C-EA3B34D2DB0C}.Debug|x64.Build.0 = Debug|Any CPU
		{4233F8AF-5FA2-4B21-BB7C-EA3B34D2DB0C}.Debug|x86.ActiveCfg = Debug|Any CPU
		{4233F8AF-5FA2-4B21-BB7C-EA3B34D2DB0C}.Debug|x86.Build.0 = Debug|Any CPU
		{4233F8AF-5FA2-4B21-BB7C-EA3B34D2DB0C}.Release|Any CPU.ActiveCfg = Release|Any CPU
		{4233F8AF-5FA2-4B21-BB7C-EA3B34D2DB0C}.Release|Any CPU.Build.0 = Release|Any CPU
		{4233F8AF-5FA2-4B21-BB7C-EA3B34D2DB0C}.Release|x64.ActiveCfg = Release|Any CPU
		{4233F8AF-5FA2-4B21-BB7C-EA3B34D2DB0C}.Release|x64.Build.0 = Release|Any CPU
		{4233F8AF-5FA2-4B21-BB7C-EA3B34D2DB0C}.Release|x86.ActiveCfg = Release|Any CPU
		{4233F8AF-5FA2-4B21-BB7C-EA3B34D2DB0C}.Release|x86.Build.0 = Release|Any CPU
		{FAE0C3D4-61AD-4A51-981E-56D720678530}.Debug|Any CPU.ActiveCfg = Debug|Any CPU
		{FAE0C3D4-61AD-4A51-981E-56D720678530}.Debug|Any CPU.Build.0 = Debug|Any CPU
		{FAE0C3D4-61AD-4A51-981E-56D720678530}.Debug|x64.ActiveCfg = Debug|Any CPU
		{FAE0C3D4-61AD-4A51-981E-56D720678530}.Debug|x64.Build.0 = Debug|Any CPU
		{FAE0C3D4-61AD-4A51-981E-56D720678530}.Debug|x86.ActiveCfg = Debug|Any CPU
		{FAE0C3D4-61AD-4A51-981E-56D720678530}.Debug|x86.Build.0 = Debug|Any CPU
		{FAE0C3D4-61AD-4A51-981E-56D720678530}.Release|Any CPU.ActiveCfg = Release|Any CPU
		{FAE0C3D4-61AD-4A51-981E-56D720678530}.Release|Any CPU.Build.0 = Release|Any CPU
		{FAE0C3D4-61AD-4A51-981E-56D720678530}.Release|x64.ActiveCfg = Release|Any CPU
		{FAE0C3D4-61AD-4A51-981E-56D720678530}.Release|x64.Build.0 = Release|Any CPU
		{FAE0C3D4-61AD-4A51-981E-56D720678530}.Release|x86.ActiveCfg = Release|Any CPU
		{FAE0C3D4-61AD-4A51-981E-56D720678530}.Release|x86.Build.0 = Release|Any CPU
		{039123D1-06BE-4B5E-9509-E53583890A51}.Debug|Any CPU.ActiveCfg = Debug|Any CPU
		{039123D1-06BE-4B5E-9509-E53583890A51}.Debug|Any CPU.Build.0 = Debug|Any CPU
		{039123D1-06BE-4B5E-9509-E53583890A51}.Debug|x64.ActiveCfg = Debug|Any CPU
		{039123D1-06BE-4B5E-9509-E53583890A51}.Debug|x64.Build.0 = Debug|Any CPU
		{039123D1-06BE-4B5E-9509-E53583890A51}.Debug|x86.ActiveCfg = Debug|Any CPU
		{039123D1-06BE-4B5E-9509-E53583890A51}.Debug|x86.Build.0 = Debug|Any CPU
		{039123D1-06BE-4B5E-9509-E53583890A51}.Release|Any CPU.ActiveCfg = Release|Any CPU
		{039123D1-06BE-4B5E-9509-E53583890A51}.Release|Any CPU.Build.0 = Release|Any CPU
		{039123D1-06BE-4B5E-9509-E53583890A51}.Release|x64.ActiveCfg = Release|Any CPU
		{039123D1-06BE-4B5E-9509-E53583890A51}.Release|x64.Build.0 = Release|Any CPU
		{039123D1-06BE-4B5E-9509-E53583890A51}.Release|x86.ActiveCfg = Release|Any CPU
		{039123D1-06BE-4B5E-9509-E53583890A51}.Release|x86.Build.0 = Release|Any CPU
	EndGlobalSection
	GlobalSection(NestedProjects) = preSolution
		{6BCC543F-50F3-4D2B-B654-0B9558EA96CC} = {037DCD35-F4C0-4E48-B365-8D71713270C0}
		{58D39DCF-5F4C-4792-8B57-AF91C9C90A62} = {037DCD35-F4C0-4E48-B365-8D71713270C0}
		{A48809D5-7E6F-4227-BAEF-AEFA82AD729A} = {C064FC95-AF0C-4BA6-9E0C-D122713D4C62}
		{CDD5136F-676C-412F-AE45-C0DDFDB244C1} = {C064FC95-AF0C-4BA6-9E0C-D122713D4C62}
		{D07BC749-C275-439C-9EFF-E91ACDF74A31} = {C064FC95-AF0C-4BA6-9E0C-D122713D4C62}
		{6BC20AA1-0A3F-4F8F-9AA0-C806C23929AC} = {C064FC95-AF0C-4BA6-9E0C-D122713D4C62}
		{6AC4636D-C9ED-4148-B6B1-1EF02016A52A} = {C064FC95-AF0C-4BA6-9E0C-D122713D4C62}
		{8E675198-8644-4F5B-AC3B-C9C22BB1D5C5} = {7EEA2CDF-2B4F-4820-87B2-F1C34CB62A7F}
		{ECE821E8-6A8A-4E26-9BE8-675B71042B82} = {7EEA2CDF-2B4F-4820-87B2-F1C34CB62A7F}
		{6D2FA185-D144-48E5-BC07-11F029661B17} = {7EEA2CDF-2B4F-4820-87B2-F1C34CB62A7F}
		{D9A93325-BCCF-4E56-B15A-D20ACB2AE35D} = {7EEA2CDF-2B4F-4820-87B2-F1C34CB62A7F}
		{484C5F27-9EFA-453F-9C55-1A0F147436E0} = {7EEA2CDF-2B4F-4820-87B2-F1C34CB62A7F}
		{A45EA5B8-3675-46F2-BDB7-5F0B65989B51} = {EEB250AF-D4C5-48BA-BEE7-BA5989D2B360}
		{384DA547-B59F-4CFE-A3B4-3F5CC68F9685} = {EEB250AF-D4C5-48BA-BEE7-BA5989D2B360}
		{98613F99-293E-4E54-91D8-DECC36F5EE52} = {EEB250AF-D4C5-48BA-BEE7-BA5989D2B360}
		{24E4C5E0-F320-44D4-A809-4D6C14055F9C} = {EEB250AF-D4C5-48BA-BEE7-BA5989D2B360}
		{89A30DF3-6524-472E-9E97-1C42CDDC1B4C} = {EEB250AF-D4C5-48BA-BEE7-BA5989D2B360}
		{338C3201-0566-4E4F-8FA4-D766ECECCCD1} = {037DCD35-F4C0-4E48-B365-8D71713270C0}
		{4233F8AF-5FA2-4B21-BB7C-EA3B34D2DB0C} = {037DCD35-F4C0-4E48-B365-8D71713270C0}
		{FAE0C3D4-61AD-4A51-981E-56D720678530} = {037DCD35-F4C0-4E48-B365-8D71713270C0}
		{039123D1-06BE-4B5E-9509-E53583890A51} = {037DCD35-F4C0-4E48-B365-8D71713270C0}
	EndGlobalSection
EndGlobal
